[{<<"elli">>,
  {git,"git://github.com/elli-lib/elli.git",
       {ref,"dd1a76f1ff9650a1854ffe9ed2ccae4b734b28ab"}},
  0},
 {<<"jsx">>,
  {git,"git://github.com/talentdeficit/jsx.git",
       {ref,"7c7a69c167aecd241a6676ab7e5a7665c782b976"}},
  0},
 {<<"quickrand">>,
  {git,"https://github.com/okeuday/quickrand.git",
       {ref,"c80077162f32c10002219f70e0afadb71e05f88c"}},
  1},
 {<<"uuid">>,
  {git,"git://github.com/okeuday/uuid.git",
       {ref,"9312cc158a94c76e40c82ca45fd5056fb191c889"}},
  0}].
